
Microsoft Visual Studio Solution File, Format Version 12.00
# Visual Studio 14
VisualStudioVersion = 14.0.25420.1
MinimumVisualStudioVersion = 10.0.40219.1
Project("{E24C65DC-7377-472B-9ABA-BC803B73C61A}") = "Website", "..\Website\", "{2B76260E-EB31-4F5A-8468-29C7D26560D4}"
	ProjectSection(WebsiteProperties) = preProject
		TargetFrameworkMoniker = ".NETFramework,Version%3Dv4.5.2"
		ProjectReferences = "{65f5b3ff-4595-4ec1-ab63-e1ff05cbe584}|eRestaurantSystem.dll;{5923ed78-661c-486e-b667-5ee8bb564f7f}|eRestaurantSystem.Data.dll;"
		Debug.AspNetCompiler.VirtualPath = "/localhost_7180"
		Debug.AspNetCompiler.PhysicalPath = "..\Website\"
		Debug.AspNetCompiler.TargetPath = "PrecompiledWeb\localhost_7180\"
		Debug.AspNetCompiler.Updateable = "true"
		Debug.AspNetCompiler.ForceOverwrite = "true"
		Debug.AspNetCompiler.FixedNames = "false"
		Debug.AspNetCompiler.Debug = "True"
		Release.AspNetCompiler.VirtualPath = "/localhost_7180"
		Release.AspNetCompiler.PhysicalPath = "..\Website\"
		Release.AspNetCompiler.TargetPath = "PrecompiledWeb\localhost_7180\"
		Release.AspNetCompiler.Updateable = "true"
		Release.AspNetCompiler.ForceOverwrite = "true"
		Release.AspNetCompiler.FixedNames = "false"
		Release.AspNetCompiler.Debug = "False"
		VWDPort = "7180"
		SlnRelativePath = "..\Website\"
		DefaultWebSiteLanguage = "Visual C#"
	EndProjectSection
EndProject
Project("{FAE04EC0-301F-11D3-BF4B-00C04F79EFBC}") = "eRestaurantSystem", "eRestaurantSystem\eRestaurantSystem.csproj", "{65F5B3FF-4595-4EC1-AB63-E1FF05CBE584}"
EndProject
Project("{FAE04EC0-301F-11D3-BF4B-00C04F79EFBC}") = "eRestaurantSystem.Data", "eRestaurantSystem.Data\eRestaurantSystem.Data.csproj", "{5923ED78-661C-486E-B667-5EE8BB564F7F}"
EndProject
Global
	GlobalSection(SolutionConfigurationPlatforms) = preSolution
		Debug|Any CPU = Debug|Any CPU
		Release|Any CPU = Release|Any CPU
	EndGlobalSection
	GlobalSection(ProjectConfigurationPlatforms) = postSolution
		{2B76260E-EB31-4F5A-8468-29C7D26560D4}.Debug|Any CPU.ActiveCfg = Debug|Any CPU
		{2B76260E-EB31-4F5A-8468-29C7D26560D4}.Debug|Any CPU.Build.0 = Debug|Any CPU
		{2B76260E-EB31-4F5A-8468-29C7D26560D4}.Release|Any CPU.ActiveCfg = Debug|Any CPU
		{2B76260E-EB31-4F5A-8468-29C7D26560D4}.Release|Any CPU.Build.0 = Debug|Any CPU
		{65F5B3FF-4595-4EC1-AB63-E1FF05CBE584}.Debug|Any CPU.ActiveCfg = Debug|Any CPU
		{65F5B3FF-4595-4EC1-AB63-E1FF05CBE584}.Debug|Any CPU.Build.0 = Debug|Any CPU
		{65F5B3FF-4595-4EC1-AB63-E1FF05CBE584}.Release|Any CPU.ActiveCfg = Release|Any CPU
		{65F5B3FF-4595-4EC1-AB63-E1FF05CBE584}.Release|Any CPU.Build.0 = Release|Any CPU
		{5923ED78-661C-486E-B667-5EE8BB564F7F}.Debug|Any CPU.ActiveCfg = Debug|Any CPU
		{5923ED78-661C-486E-B667-5EE8BB564F7F}.Debug|Any CPU.Build.0 = Debug|Any CPU
		{5923ED78-661C-486E-B667-5EE8BB564F7F}.Release|Any CPU.ActiveCfg = Release|Any CPU
		{5923ED78-661C-486E-B667-5EE8BB564F7F}.Release|Any CPU.Build.0 = Release|Any CPU
	EndGlobalSection
	GlobalSection(SolutionProperties) = preSolution
		HideSolutionNode = FALSE
	EndGlobalSection
EndGlobal
